{
  "requires": true,
  "lockfileVersion": 1,
  "dependencies": {
    "jexcel": {
      "version": "3.9.1",
      "resolved": "https://registry.npmjs.org/jexcel/-/jexcel-3.9.1.tgz",
      "integrity": "sha512-/jzt+pNHzoOxCYzmNMIvBY75xLnN0ppgVgVmyPIgngbLLzje3f2bLQUW1ZXD9dnPRcWfB6WeIntlQZ5l5YfxKQ==",
      "requires": {
        "jsuites": "^2.7.1"
      }
    },
    "jsuites": {
      "version": "2.7.1",
      "resolved": "https://registry.npmjs.org/jsuites/-/jsuites-2.7.1.tgz",
      "integrity": "sha512-gvnw8RUNrVIqVZyPXc7/O/H7ZQHiuZJcDRQ6RSaOweEcZWMV1NzKX9Ut3nWJN06Sf02tUN3rvS1kLFjDXyrnww=="
    }
  }
}
